
Microsoft Visual Studio Solution File, Format Version 12.00
# Visual Studio Version 17
VisualStudioVersion = 17.2.32519.379
MinimumVisualStudioVersion = 10.0.40219.1
Project("{9A19103F-16F7-4668-BE54-9A1E7A4F7556}") = "HelloAzureFunction", "HelloAzureFunction\HelloAzureFunction.csproj", "{F4A8D4F3-4374-4E17-9331-2645AF7CD91C}"
EndProject
Global
	GlobalSection(SolutionConfigurationPlatforms) = preSolution
		Debug|Any CPU = Debug|Any CPU
		Release|Any CPU = Release|Any CPU
	EndGlobalSection
	GlobalSection(ProjectConfigurationPlatforms) = postSolution
		{F4A8D4F3-4374-4E17-9331-2645AF7CD91C}.Debug|Any CPU.ActiveCfg = Debug|Any CPU
		{F4A8D4F3-4374-4E17-9331-2645AF7CD91C}.Debug|Any CPU.Build.0 = Debug|Any CPU
		{F4A8D4F3-4374-4E17-9331-2645AF7CD91C}.Release|Any CPU.ActiveCfg = Release|Any CPU
		{F4A8D4F3-4374-4E17-9331-2645AF7CD91C}.Release|Any CPU.Build.0 = Release|Any CPU
	EndGlobalSection
	GlobalSection(SolutionProperties) = preSolution
		HideSolutionNode = FALSE
	EndGlobalSection
	GlobalSection(ExtensibilityGlobals) = postSolution
		SolutionGuid = {19A2BBBF-7A64-4FD5-AF12-6171A72ACB02}
	EndGlobalSection
EndGlobal
